
Microsoft Visual Studio Solution File, Format Version 12.00
# Visual Studio 15
VisualStudioVersion = 15.0.27130.2010
MinimumVisualStudioVersion = 10.0.40219.1
Project("{FAE04EC0-301F-11D3-BF4B-00C04F79EFBC}") = "External-Apis", "External-Apis\External-Apis.csproj", "{7135D5FE-4E56-4A89-801F-598B0D5B4D37}"
EndProject
Project("{FAE04EC0-301F-11D3-BF4B-00C04F79EFBC}") = "Helpers", "Helpers\Helpers.csproj", "{AC8182F7-5754-4AE6-ABF3-522DF9C1D993}"
EndProject
Project("{FAE04EC0-301F-11D3-BF4B-00C04F79EFBC}") = "Petrichor", "Petrichor\Petrichor.csproj", "{C4F925FF-7B24-44A1-98BA-98EB23E9B052}"
EndProject
Project("{FAE04EC0-301F-11D3-BF4B-00C04F79EFBC}") = "Resources", "Resources\Resources.csproj", "{F3FE352F-BBC2-4D57-8BF2-7CD34634CE04}"
EndProject
Project("{FAE04EC0-301F-11D3-BF4B-00C04F79EFBC}") = "TestConsole", "TestConsole\TestConsole.csproj", "{07759093-F630-473E-8AE8-8BE7AD32CE9E}"
EndProject
Global
	GlobalSection(SolutionConfigurationPlatforms) = preSolution
		Debug|Any CPU = Debug|Any CPU
		Release|Any CPU = Release|Any CPU
	EndGlobalSection
	GlobalSection(ProjectConfigurationPlatforms) = postSolution
		{7135D5FE-4E56-4A89-801F-598B0D5B4D37}.Debug|Any CPU.ActiveCfg = Debug|Any CPU
		{7135D5FE-4E56-4A89-801F-598B0D5B4D37}.Debug|Any CPU.Build.0 = Debug|Any CPU
		{7135D5FE-4E56-4A89-801F-598B0D5B4D37}.Release|Any CPU.ActiveCfg = Release|Any CPU
		{7135D5FE-4E56-4A89-801F-598B0D5B4D37}.Release|Any CPU.Build.0 = Release|Any CPU
		{AC8182F7-5754-4AE6-ABF3-522DF9C1D993}.Debug|Any CPU.ActiveCfg = Debug|Any CPU
		{AC8182F7-5754-4AE6-ABF3-522DF9C1D993}.Debug|Any CPU.Build.0 = Debug|Any CPU
		{AC8182F7-5754-4AE6-ABF3-522DF9C1D993}.Release|Any CPU.ActiveCfg = Release|Any CPU
		{AC8182F7-5754-4AE6-ABF3-522DF9C1D993}.Release|Any CPU.Build.0 = Release|Any CPU
		{C4F925FF-7B24-44A1-98BA-98EB23E9B052}.Debug|Any CPU.ActiveCfg = Debug|Any CPU
		{C4F925FF-7B24-44A1-98BA-98EB23E9B052}.Debug|Any CPU.Build.0 = Debug|Any CPU
		{C4F925FF-7B24-44A1-98BA-98EB23E9B052}.Release|Any CPU.ActiveCfg = Release|Any CPU
		{C4F925FF-7B24-44A1-98BA-98EB23E9B052}.Release|Any CPU.Build.0 = Release|Any CPU
		{F3FE352F-BBC2-4D57-8BF2-7CD34634CE04}.Debug|Any CPU.ActiveCfg = Debug|Any CPU
		{F3FE352F-BBC2-4D57-8BF2-7CD34634CE04}.Debug|Any CPU.Build.0 = Debug|Any CPU
		{F3FE352F-BBC2-4D57-8BF2-7CD34634CE04}.Release|Any CPU.ActiveCfg = Release|Any CPU
		{F3FE352F-BBC2-4D57-8BF2-7CD34634CE04}.Release|Any CPU.Build.0 = Release|Any CPU
		{07759093-F630-473E-8AE8-8BE7AD32CE9E}.Debug|Any CPU.ActiveCfg = Debug|Any CPU
		{07759093-F630-473E-8AE8-8BE7AD32CE9E}.Debug|Any CPU.Build.0 = Debug|Any CPU
		{07759093-F630-473E-8AE8-8BE7AD32CE9E}.Release|Any CPU.ActiveCfg = Release|Any CPU
		{07759093-F630-473E-8AE8-8BE7AD32CE9E}.Release|Any CPU.Build.0 = Release|Any CPU
	EndGlobalSection
	GlobalSection(SolutionProperties) = preSolution
		HideSolutionNode = FALSE
	EndGlobalSection
	GlobalSection(ExtensibilityGlobals) = postSolution
		SolutionGuid = {23A4F7B9-26B2-4EED-AAD2-754ADFA075B0}
	EndGlobalSection
EndGlobal
